// !$*UTF8*$!
{
	archiveVersion = 1;
	classes = {
	};
	objectVersion = 56;
	objects = {

/* Begin PBXBuildFile section */
		AB0A544D2A9657970030539D /* castle.mp3 in Resources */ = {isa = PBXBuildFile; fileRef = AB0A54452A9657970030539D /* castle.mp3 */; };
		AB0A544E2A9657970030539D /* promote.mp3 in Resources */ = {isa = PBXBuildFile; fileRef = AB0A54462A9657970030539D /* promote.mp3 */; };
		AB0A544F2A9657970030539D /* notify.mp3 in Resources */ = {isa = PBXBuildFile; fileRef = AB0A54472A9657970030539D /* notify.mp3 */; };
		AB0A54502A9657970030539D /* capture.mp3 in Resources */ = {isa = PBXBuildFile; fileRef = AB0A54482A9657970030539D /* capture.mp3 */; };
		AB0A54512A9657970030539D /* move-self.mp3 in Resources */ = {isa = PBXBuildFile; fileRef = AB0A54492A9657970030539D /* move-self.mp3 */; };
		AB0A54522A9657970030539D /* game-end.mp3 in Resources */ = {isa = PBXBuildFile; fileRef = AB0A544A2A9657970030539D /* game-end.mp3 */; };
		AB0A54532A9657970030539D /* tenseconds.mp3 in Resources */ = {isa = PBXBuildFile; fileRef = AB0A544B2A9657970030539D /* tenseconds.mp3 */; };
		AB0A54542A9657970030539D /* illegal.mp3 in Resources */ = {isa = PBXBuildFile; fileRef = AB0A544C2A9657970030539D /* illegal.mp3 */; };
		AB1D821D2AA0BF81000BDD05 /* Achievement+CoreDataClass.swift in Sources */ = {isa = PBXBuildFile; fileRef = AB1D820B2AA0BF81000BDD05 /* Achievement+CoreDataClass.swift */; };
		AB1D821E2AA0BF81000BDD05 /* Achievement+CoreDataProperties.swift in Sources */ = {isa = PBXBuildFile; fileRef = AB1D820C2AA0BF81000BDD05 /* Achievement+CoreDataProperties.swift */; };
		AB1D82232AA0BF81000BDD05 /* Test+CoreDataClass.swift in Sources */ = {isa = PBXBuildFile; fileRef = AB1D82112AA0BF81000BDD05 /* Test+CoreDataClass.swift */; };
		AB1D82242AA0BF81000BDD05 /* Test+CoreDataProperties.swift in Sources */ = {isa = PBXBuildFile; fileRef = AB1D82122AA0BF81000BDD05 /* Test+CoreDataProperties.swift */; };
		AB1D82252AA0BF81000BDD05 /* Users+CoreDataClass.swift in Sources */ = {isa = PBXBuildFile; fileRef = AB1D82132AA0BF81000BDD05 /* Users+CoreDataClass.swift */; };
		AB1D82262AA0BF81000BDD05 /* Users+CoreDataProperties.swift in Sources */ = {isa = PBXBuildFile; fileRef = AB1D82142AA0BF81000BDD05 /* Users+CoreDataProperties.swift */; };
		AB1D82272AA0BF81000BDD05 /* Setting+CoreDataClass.swift in Sources */ = {isa = PBXBuildFile; fileRef = AB1D82152AA0BF81000BDD05 /* Setting+CoreDataClass.swift */; };
		AB1D82282AA0BF81000BDD05 /* Setting+CoreDataProperties.swift in Sources */ = {isa = PBXBuildFile; fileRef = AB1D82162AA0BF81000BDD05 /* Setting+CoreDataProperties.swift */; };
		AB1D82292AA0BF81000BDD05 /* GameHistory+CoreDataClass.swift in Sources */ = {isa = PBXBuildFile; fileRef = AB1D82172AA0BF81000BDD05 /* GameHistory+CoreDataClass.swift */; };
		AB1D822A2AA0BF81000BDD05 /* GameHistory+CoreDataProperties.swift in Sources */ = {isa = PBXBuildFile; fileRef = AB1D82182AA0BF81000BDD05 /* GameHistory+CoreDataProperties.swift */; };
		AB1D822D2AA0BF81000BDD05 /* GameStats+CoreDataClass.swift in Sources */ = {isa = PBXBuildFile; fileRef = AB1D821B2AA0BF81000BDD05 /* GameStats+CoreDataClass.swift */; };
		AB1D822E2AA0BF81000BDD05 /* GameStats+CoreDataProperties.swift in Sources */ = {isa = PBXBuildFile; fileRef = AB1D821C2AA0BF81000BDD05 /* GameStats+CoreDataProperties.swift */; };
		AB1D8C0B2AA093A600826485 /* Test+History.swift in Sources */ = {isa = PBXBuildFile; fileRef = AB1D8C0A2AA093A600826485 /* Test+History.swift */; };
		AB3253B02A9C79AD0041BDF6 /* RatingCalculator.swift in Sources */ = {isa = PBXBuildFile; fileRef = AB3253AF2A9C79AD0041BDF6 /* RatingCalculator.swift */; };
		AB5683122AA3A7E60094DB9C /* Test+Music.swift in Sources */ = {isa = PBXBuildFile; fileRef = AB5683112AA3A7E60094DB9C /* Test+Music.swift */; };
		AB5683162AA3AEA30094DB9C /* Localizable.strings in Resources */ = {isa = PBXBuildFile; fileRef = AB5683182AA3AEA30094DB9C /* Localizable.strings */; };
		AB56831A2AA3AF110094DB9C /* Test+Localization.swift in Sources */ = {isa = PBXBuildFile; fileRef = AB5683192AA3AF110094DB9C /* Test+Localization.swift */; };
		AB56831D2AA4B9360094DB9C /* Test+CustomBackButton.swift in Sources */ = {isa = PBXBuildFile; fileRef = AB56831C2AA4B9360094DB9C /* Test+CustomBackButton.swift */; };
		AB5D2AEA2A9CE0C900ED4996 /* Test+ArrayAnimation.swift in Sources */ = {isa = PBXBuildFile; fileRef = AB5D2AE92A9CE0C900ED4996 /* Test+ArrayAnimation.swift */; };
		AB5D2AEC2A9CE98500ED4996 /* Test+ChangingBorderColorView.swift in Sources */ = {isa = PBXBuildFile; fileRef = AB5D2AEB2A9CE98500ED4996 /* Test+ChangingBorderColorView.swift */; };
		AB66491E2A9C466E0098F2E2 /* move-opponent.mp3 in Resources */ = {isa = PBXBuildFile; fileRef = AB66491B2A9C466E0098F2E2 /* move-opponent.mp3 */; };
		AB6649202A9C46D20098F2E2 /* SoundPlayer.swift in Sources */ = {isa = PBXBuildFile; fileRef = AB66491F2A9C46D20098F2E2 /* SoundPlayer.swift */; };
		AB6649222A9C48480098F2E2 /* game-start.mp3 in Resources */ = {isa = PBXBuildFile; fileRef = AB6649212A9C48480098F2E2 /* game-start.mp3 */; };
		AB6A0B1D2A9DEF59003400DB /* Modal+BackGround.swift in Sources */ = {isa = PBXBuildFile; fileRef = AB6A0B1C2A9DEF59003400DB /* Modal+BackGround.swift */; };
		AB6A0B1F2A9DF123003400DB /* ModalView.swift in Sources */ = {isa = PBXBuildFile; fileRef = AB6A0B1E2A9DF123003400DB /* ModalView.swift */; };
		AB6A0B232A9E2C61003400DB /* gameLoss.mp3 in Resources */ = {isa = PBXBuildFile; fileRef = AB6A0B222A9E2C61003400DB /* gameLoss.mp3 */; };
		AB6A0B252A9E2C68003400DB /* gameWin.mp3 in Resources */ = {isa = PBXBuildFile; fileRef = AB6A0B242A9E2C68003400DB /* gameWin.mp3 */; };
		AB6A0B272A9E2C83003400DB /* gameDraw.mp3 in Resources */ = {isa = PBXBuildFile; fileRef = AB6A0B262A9E2C83003400DB /* gameDraw.mp3 */; };
		AB6A0B2A2A9E5B79003400DB /* ConfettiAnimation.swift in Sources */ = {isa = PBXBuildFile; fileRef = AB6A0B292A9E5B79003400DB /* ConfettiAnimation.swift */; };
		AB6A0B2C2A9E6449003400DB /* ImageTilting.swift in Sources */ = {isa = PBXBuildFile; fileRef = AB6A0B2B2A9E6449003400DB /* ImageTilting.swift */; };
		AB6A0B2E2A9EF679003400DB /* Modal+Promotion.swift in Sources */ = {isa = PBXBuildFile; fileRef = AB6A0B2D2A9EF679003400DB /* Modal+Promotion.swift */; };
		AB6A0B332A9F1DA8003400DB /* SettingView.swift in Sources */ = {isa = PBXBuildFile; fileRef = AB6A0B322A9F1DA8003400DB /* SettingView.swift */; };
		AB6A0B362A9F4664003400DB /* LeaderBoard.swift in Sources */ = {isa = PBXBuildFile; fileRef = AB6A0B352A9F4664003400DB /* LeaderBoard.swift */; };
		AB6A0B3A2A9F90F6003400DB /* Modal+Achievement.swift in Sources */ = {isa = PBXBuildFile; fileRef = AB6A0B392A9F90F6003400DB /* Modal+Achievement.swift */; };
		AB6AF97B2AA1A55700208B6E /* Movement+CoreDataClass.swift in Sources */ = {isa = PBXBuildFile; fileRef = AB6AF9792AA1A55700208B6E /* Movement+CoreDataClass.swift */; };
		AB6AF97C2AA1A55700208B6E /* Movement+CoreDataProperties.swift in Sources */ = {isa = PBXBuildFile; fileRef = AB6AF97A2AA1A55700208B6E /* Movement+CoreDataProperties.swift */; };
		AB6AF97F2AA1BC0700208B6E /* SavedGame+CoreDataClass.swift in Sources */ = {isa = PBXBuildFile; fileRef = AB6AF97D2AA1BC0700208B6E /* SavedGame+CoreDataClass.swift */; };
		AB6AF9802AA1BC0700208B6E /* SavedGame+CoreDataProperties.swift in Sources */ = {isa = PBXBuildFile; fileRef = AB6AF97E2AA1BC0700208B6E /* SavedGame+CoreDataProperties.swift */; };
		AB9011C12A9C6DA800C2D62D /* background.mp3 in Resources */ = {isa = PBXBuildFile; fileRef = AB9011C02A9C6DA800C2D62D /* background.mp3 */; };
		ABA5B1462A9C9CCE0043AB1C /* Test+Slide.swift in Sources */ = {isa = PBXBuildFile; fileRef = ABA5B1452A9C9CCE0043AB1C /* Test+Slide.swift */; };
		ABF184C42A9C855C00C991EB /* Test+Pulsing.swift in Sources */ = {isa = PBXBuildFile; fileRef = ABF184C32A9C855C00C991EB /* Test+Pulsing.swift */; };
		E12737E22A90BF890046AA4B /* Test+Pawn.swift in Sources */ = {isa = PBXBuildFile; fileRef = E12737E12A90BF890046AA4B /* Test+Pawn.swift */; };
		E12737E42A90C7DC0046AA4B /* Test+ChessBoard.swift in Sources */ = {isa = PBXBuildFile; fileRef = E12737E32A90C7DC0046AA4B /* Test+ChessBoard.swift */; };
		E14B22FD2A85F3B2003F79DC /* SignUpScreen.swift in Sources */ = {isa = PBXBuildFile; fileRef = E14B22FC2A85F3B2003F79DC /* SignUpScreen.swift */; };
		E14B23072A862C77003F79DC /* MenuView.swift in Sources */ = {isa = PBXBuildFile; fileRef = E14B23062A862C77003F79DC /* MenuView.swift */; };
		E14B230A2A86324F003F79DC /* GlassMorphicCard.swift in Sources */ = {isa = PBXBuildFile; fileRef = E14B23092A86324F003F79DC /* GlassMorphicCard.swift */; };
		E15A2CEA2A84EC5600688B6E /* DataManager.swift in Sources */ = {isa = PBXBuildFile; fileRef = E15A2CE92A84EC5600688B6E /* DataManager.swift */; };
		E170680A2A8DEEC40015860F /* TimeInterval.swift in Sources */ = {isa = PBXBuildFile; fileRef = E17068092A8DEEC40015860F /* TimeInterval.swift */; };
		E170680C2A8DF2270015860F /* ChessBoardView.swift in Sources */ = {isa = PBXBuildFile; fileRef = E170680B2A8DF2270015860F /* ChessBoardView.swift */; };
		E17068122A8E1F500015860F /* GameModel.swift in Sources */ = {isa = PBXBuildFile; fileRef = E17068112A8E1F500015860F /* GameModel.swift */; };
		E17068152A8E20580015860F /* AIBot.swift in Sources */ = {isa = PBXBuildFile; fileRef = E17068142A8E20580015860F /* AIBot.swift */; };
		E17068172A8E241E0015860F /* AIEngine.swift in Sources */ = {isa = PBXBuildFile; fileRef = E17068162A8E241E0015860F /* AIEngine.swift */; };
		E17068192A8E24610015860F /* AIPlayer.swift in Sources */ = {isa = PBXBuildFile; fileRef = E17068182A8E24610015860F /* AIPlayer.swift */; };
		E170681C2A8E24A80015860F /* AIMove.swift in Sources */ = {isa = PBXBuildFile; fileRef = E170681B2A8E24A80015860F /* AIMove.swift */; };
		E192A29D2A87380A000139D1 /* OpenSans_Italic.ttf in Resources */ = {isa = PBXBuildFile; fileRef = E192A29C2A8737F8000139D1 /* OpenSans_Italic.ttf */; };
		E192A29E2A87380D000139D1 /* OpenSans.ttf in Resources */ = {isa = PBXBuildFile; fileRef = E192A29B2A8737F7000139D1 /* OpenSans.ttf */; };
		E192A2AE2A877759000139D1 /* TabBar.swift in Sources */ = {isa = PBXBuildFile; fileRef = E192A2AD2A877759000139D1 /* TabBar.swift */; };
		E192A2B12A878F87000139D1 /* ProfileView.swift in Sources */ = {isa = PBXBuildFile; fileRef = E192A2B02A878F87000139D1 /* ProfileView.swift */; };
		E1C15D3C2A8A207500096FE2 /* How2playScreen.swift in Sources */ = {isa = PBXBuildFile; fileRef = E1C15D3B2A8A207500096FE2 /* How2playScreen.swift */; };
		E1C15D472A8A5BFE00096FE2 /* Constants.swift in Sources */ = {isa = PBXBuildFile; fileRef = E1C15D462A8A5BFE00096FE2 /* Constants.swift */; };
		E1D782562A8B95D7008B1081 /* ChessPiece.swift in Sources */ = {isa = PBXBuildFile; fileRef = E1D782552A8B95D7008B1081 /* ChessPiece.swift */; };
		E1D782582A8B9B54008B1081 /* Position.swift in Sources */ = {isa = PBXBuildFile; fileRef = E1D782572A8B9B54008B1081 /* Position.swift */; };
		E1D7825A2A8B9BE6008B1081 /* Move.swift in Sources */ = {isa = PBXBuildFile; fileRef = E1D782592A8B9BE6008B1081 /* Move.swift */; };
		E1D7825E2A8B9CFC008B1081 /* ChessBoard.swift in Sources */ = {isa = PBXBuildFile; fileRef = E1D7825D2A8B9CFC008B1081 /* ChessBoard.swift */; };
		E1F7FB162A838EE7005B08D8 /* Master_ChessApp.swift in Sources */ = {isa = PBXBuildFile; fileRef = E1F7FB152A838EE7005B08D8 /* Master_ChessApp.swift */; };
		E1F7FB182A838EE7005B08D8 /* ContentView.swift in Sources */ = {isa = PBXBuildFile; fileRef = E1F7FB172A838EE7005B08D8 /* ContentView.swift */; };
		E1F7FB1A2A838EE8005B08D8 /* Assets.xcassets in Resources */ = {isa = PBXBuildFile; fileRef = E1F7FB192A838EE8005B08D8 /* Assets.xcassets */; };
		E1F7FB1D2A838EE9005B08D8 /* Preview Assets.xcassets in Resources */ = {isa = PBXBuildFile; fileRef = E1F7FB1C2A838EE9005B08D8 /* Preview Assets.xcassets */; };
		E1F7FB1F2A838EE9005B08D8 /* Persistence.swift in Sources */ = {isa = PBXBuildFile; fileRef = E1F7FB1E2A838EE9005B08D8 /* Persistence.swift */; };
		E1F7FB222A838EE9005B08D8 /* Master_Chess.xcdatamodeld in Sources */ = {isa = PBXBuildFile; fileRef = E1F7FB202A838EE9005B08D8 /* Master_Chess.xcdatamodeld */; };
		E1F7FB312A83900A005B08D8 /* Launch Screen.storyboard in Resources */ = {isa = PBXBuildFile; fileRef = E1F7FB302A83900A005B08D8 /* Launch Screen.storyboard */; };
		E1F7FB332A839011005B08D8 /* SplashView.swift in Sources */ = {isa = PBXBuildFile; fileRef = E1F7FB322A839011005B08D8 /* SplashView.swift */; };
		E1F7FB3D2A83AA28005B08D8 /* LoginScreen.swift in Sources */ = {isa = PBXBuildFile; fileRef = E1F7FB3C2A83AA28005B08D8 /* LoginScreen.swift */; };
		E1F7FB3F2A83AA4E005B08D8 /* WelcomeScreen.swift in Sources */ = {isa = PBXBuildFile; fileRef = E1F7FB3E2A83AA4E005B08D8 /* WelcomeScreen.swift */; };
		E1F7FB4F2A83C39E005B08D8 /* DataCRUD.swift in Sources */ = {isa = PBXBuildFile; fileRef = E1F7FB4E2A83C39E005B08D8 /* DataCRUD.swift */; };
		E1FB62802A8F2F5E00823651 /* CurrentUser.swift in Sources */ = {isa = PBXBuildFile; fileRef = E1FB627F2A8F2F5E00823651 /* CurrentUser.swift */; };
		E1FB62832A8F300C00823651 /* Test+LoadEnvData.swift in Sources */ = {isa = PBXBuildFile; fileRef = E1FB62822A8F300C00823651 /* Test+LoadEnvData.swift */; };
		E1FB62872A8F580800823651 /* GameView.swift in Sources */ = {isa = PBXBuildFile; fileRef = E1FB62862A8F580800823651 /* GameView.swift */; };
		E1FB62892A8FA19900823651 /* Test+GameModel.swift in Sources */ = {isa = PBXBuildFile; fileRef = E1FB62882A8FA19900823651 /* Test+GameModel.swift */; };
/* End PBXBuildFile section */

/* Begin PBXFileReference section */
		AB0A54452A9657970030539D /* castle.mp3 */ = {isa = PBXFileReference; lastKnownFileType = audio.mp3; path = castle.mp3; sourceTree = "<group>"; };
		AB0A54462A9657970030539D /* promote.mp3 */ = {isa = PBXFileReference; lastKnownFileType = audio.mp3; path = promote.mp3; sourceTree = "<group>"; };
		AB0A54472A9657970030539D /* notify.mp3 */ = {isa = PBXFileReference; lastKnownFileType = audio.mp3; path = notify.mp3; sourceTree = "<group>"; };
		AB0A54482A9657970030539D /* capture.mp3 */ = {isa = PBXFileReference; lastKnownFileType = audio.mp3; path = capture.mp3; sourceTree = "<group>"; };
		AB0A54492A9657970030539D /* move-self.mp3 */ = {isa = PBXFileReference; lastKnownFileType = audio.mp3; path = "move-self.mp3"; sourceTree = "<group>"; };
		AB0A544A2A9657970030539D /* game-end.mp3 */ = {isa = PBXFileReference; lastKnownFileType = audio.mp3; path = "game-end.mp3"; sourceTree = "<group>"; };
		AB0A544B2A9657970030539D /* tenseconds.mp3 */ = {isa = PBXFileReference; lastKnownFileType = audio.mp3; path = tenseconds.mp3; sourceTree = "<group>"; };
		AB0A544C2A9657970030539D /* illegal.mp3 */ = {isa = PBXFileReference; lastKnownFileType = audio.mp3; path = illegal.mp3; sourceTree = "<group>"; };
		AB1D820B2AA0BF81000BDD05 /* Achievement+CoreDataClass.swift */ = {isa = PBXFileReference; lastKnownFileType = sourcecode.swift; path = "Achievement+CoreDataClass.swift"; sourceTree = SOURCE_ROOT; };
		AB1D820C2AA0BF81000BDD05 /* Achievement+CoreDataProperties.swift */ = {isa = PBXFileReference; lastKnownFileType = sourcecode.swift; path = "Achievement+CoreDataProperties.swift"; sourceTree = SOURCE_ROOT; };
		AB1D82112AA0BF81000BDD05 /* Test+CoreDataClass.swift */ = {isa = PBXFileReference; lastKnownFileType = sourcecode.swift; path = "Test+CoreDataClass.swift"; sourceTree = SOURCE_ROOT; };
		AB1D82122AA0BF81000BDD05 /* Test+CoreDataProperties.swift */ = {isa = PBXFileReference; lastKnownFileType = sourcecode.swift; path = "Test+CoreDataProperties.swift"; sourceTree = SOURCE_ROOT; };
		AB1D82132AA0BF81000BDD05 /* Users+CoreDataClass.swift */ = {isa = PBXFileReference; lastKnownFileType = sourcecode.swift; path = "Users+CoreDataClass.swift"; sourceTree = SOURCE_ROOT; };
		AB1D82142AA0BF81000BDD05 /* Users+CoreDataProperties.swift */ = {isa = PBXFileReference; lastKnownFileType = sourcecode.swift; path = "Users+CoreDataProperties.swift"; sourceTree = SOURCE_ROOT; };
		AB1D82152AA0BF81000BDD05 /* Setting+CoreDataClass.swift */ = {isa = PBXFileReference; lastKnownFileType = sourcecode.swift; path = "Setting+CoreDataClass.swift"; sourceTree = SOURCE_ROOT; };
		AB1D82162AA0BF81000BDD05 /* Setting+CoreDataProperties.swift */ = {isa = PBXFileReference; lastKnownFileType = sourcecode.swift; path = "Setting+CoreDataProperties.swift"; sourceTree = SOURCE_ROOT; };
		AB1D82172AA0BF81000BDD05 /* GameHistory+CoreDataClass.swift */ = {isa = PBXFileReference; lastKnownFileType = sourcecode.swift; path = "GameHistory+CoreDataClass.swift"; sourceTree = SOURCE_ROOT; };
		AB1D82182AA0BF81000BDD05 /* GameHistory+CoreDataProperties.swift */ = {isa = PBXFileReference; lastKnownFileType = sourcecode.swift; path = "GameHistory+CoreDataProperties.swift"; sourceTree = SOURCE_ROOT; };
		AB1D821B2AA0BF81000BDD05 /* GameStats+CoreDataClass.swift */ = {isa = PBXFileReference; lastKnownFileType = sourcecode.swift; path = "GameStats+CoreDataClass.swift"; sourceTree = SOURCE_ROOT; };
		AB1D821C2AA0BF81000BDD05 /* GameStats+CoreDataProperties.swift */ = {isa = PBXFileReference; lastKnownFileType = sourcecode.swift; path = "GameStats+CoreDataProperties.swift"; sourceTree = SOURCE_ROOT; };
		AB1D8C0A2AA093A600826485 /* Test+History.swift */ = {isa = PBXFileReference; lastKnownFileType = sourcecode.swift; path = "Test+History.swift"; sourceTree = "<group>"; };
		AB3253AF2A9C79AD0041BDF6 /* RatingCalculator.swift */ = {isa = PBXFileReference; lastKnownFileType = sourcecode.swift; path = RatingCalculator.swift; sourceTree = "<group>"; };
		AB5683112AA3A7E60094DB9C /* Test+Music.swift */ = {isa = PBXFileReference; lastKnownFileType = sourcecode.swift; path = "Test+Music.swift"; sourceTree = "<group>"; };
		AB5683172AA3AEA30094DB9C /* en */ = {isa = PBXFileReference; lastKnownFileType = text.plist.strings; name = en; path = en.lproj/Localizable.strings; sourceTree = "<group>"; };
		AB5683192AA3AF110094DB9C /* Test+Localization.swift */ = {isa = PBXFileReference; lastKnownFileType = sourcecode.swift; path = "Test+Localization.swift"; sourceTree = "<group>"; };
		AB56831B2AA3B0AE0094DB9C /* vi */ = {isa = PBXFileReference; lastKnownFileType = text.plist.strings; name = vi; path = vi.lproj/Localizable.strings; sourceTree = "<group>"; };
		AB56831C2AA4B9360094DB9C /* Test+CustomBackButton.swift */ = {isa = PBXFileReference; lastKnownFileType = sourcecode.swift; path = "Test+CustomBackButton.swift"; sourceTree = "<group>"; };
		AB5D2AE92A9CE0C900ED4996 /* Test+ArrayAnimation.swift */ = {isa = PBXFileReference; lastKnownFileType = sourcecode.swift; path = "Test+ArrayAnimation.swift"; sourceTree = "<group>"; };
		AB5D2AEB2A9CE98500ED4996 /* Test+ChangingBorderColorView.swift */ = {isa = PBXFileReference; lastKnownFileType = sourcecode.swift; path = "Test+ChangingBorderColorView.swift"; sourceTree = "<group>"; };
		AB66491B2A9C466E0098F2E2 /* move-opponent.mp3 */ = {isa = PBXFileReference; lastKnownFileType = audio.mp3; path = "move-opponent.mp3"; sourceTree = "<group>"; };
		AB66491F2A9C46D20098F2E2 /* SoundPlayer.swift */ = {isa = PBXFileReference; lastKnownFileType = sourcecode.swift; path = SoundPlayer.swift; sourceTree = "<group>"; };
		AB6649212A9C48480098F2E2 /* game-start.mp3 */ = {isa = PBXFileReference; lastKnownFileType = audio.mp3; path = "game-start.mp3"; sourceTree = "<group>"; };
		AB6A0B1C2A9DEF59003400DB /* Modal+BackGround.swift */ = {isa = PBXFileReference; lastKnownFileType = sourcecode.swift; path = "Modal+BackGround.swift"; sourceTree = "<group>"; };
		AB6A0B1E2A9DF123003400DB /* ModalView.swift */ = {isa = PBXFileReference; lastKnownFileType = sourcecode.swift; path = ModalView.swift; sourceTree = "<group>"; };
		AB6A0B222A9E2C61003400DB /* gameLoss.mp3 */ = {isa = PBXFileReference; lastKnownFileType = audio.mp3; path = gameLoss.mp3; sourceTree = "<group>"; };
		AB6A0B242A9E2C68003400DB /* gameWin.mp3 */ = {isa = PBXFileReference; lastKnownFileType = audio.mp3; path = gameWin.mp3; sourceTree = "<group>"; };
		AB6A0B262A9E2C83003400DB /* gameDraw.mp3 */ = {isa = PBXFileReference; lastKnownFileType = audio.mp3; path = gameDraw.mp3; sourceTree = "<group>"; };
		AB6A0B292A9E5B79003400DB /* ConfettiAnimation.swift */ = {isa = PBXFileReference; lastKnownFileType = sourcecode.swift; path = ConfettiAnimation.swift; sourceTree = "<group>"; };
		AB6A0B2B2A9E6449003400DB /* ImageTilting.swift */ = {isa = PBXFileReference; lastKnownFileType = sourcecode.swift; path = ImageTilting.swift; sourceTree = "<group>"; };
		AB6A0B2D2A9EF679003400DB /* Modal+Promotion.swift */ = {isa = PBXFileReference; lastKnownFileType = sourcecode.swift; path = "Modal+Promotion.swift"; sourceTree = "<group>"; };
		AB6A0B322A9F1DA8003400DB /* SettingView.swift */ = {isa = PBXFileReference; lastKnownFileType = sourcecode.swift; path = SettingView.swift; sourceTree = "<group>"; };
		AB6A0B352A9F4664003400DB /* LeaderBoard.swift */ = {isa = PBXFileReference; lastKnownFileType = sourcecode.swift; path = LeaderBoard.swift; sourceTree = "<group>"; };
		AB6A0B392A9F90F6003400DB /* Modal+Achievement.swift */ = {isa = PBXFileReference; lastKnownFileType = sourcecode.swift; path = "Modal+Achievement.swift"; sourceTree = "<group>"; };
		AB6AF9792AA1A55700208B6E /* Movement+CoreDataClass.swift */ = {isa = PBXFileReference; lastKnownFileType = sourcecode.swift; path = "Movement+CoreDataClass.swift"; sourceTree = SOURCE_ROOT; };
		AB6AF97A2AA1A55700208B6E /* Movement+CoreDataProperties.swift */ = {isa = PBXFileReference; lastKnownFileType = sourcecode.swift; path = "Movement+CoreDataProperties.swift"; sourceTree = SOURCE_ROOT; };
		AB6AF97D2AA1BC0700208B6E /* SavedGame+CoreDataClass.swift */ = {isa = PBXFileReference; lastKnownFileType = sourcecode.swift; path = "SavedGame+CoreDataClass.swift"; sourceTree = SOURCE_ROOT; };
		AB6AF97E2AA1BC0700208B6E /* SavedGame+CoreDataProperties.swift */ = {isa = PBXFileReference; lastKnownFileType = sourcecode.swift; path = "SavedGame+CoreDataProperties.swift"; sourceTree = SOURCE_ROOT; };
		AB9011C02A9C6DA800C2D62D /* background.mp3 */ = {isa = PBXFileReference; lastKnownFileType = audio.mp3; path = background.mp3; sourceTree = "<group>"; };
		ABA5B1452A9C9CCE0043AB1C /* Test+Slide.swift */ = {isa = PBXFileReference; lastKnownFileType = sourcecode.swift; path = "Test+Slide.swift"; sourceTree = "<group>"; };
		ABF184C32A9C855C00C991EB /* Test+Pulsing.swift */ = {isa = PBXFileReference; lastKnownFileType = sourcecode.swift; path = "Test+Pulsing.swift"; sourceTree = "<group>"; };
		E12737E12A90BF890046AA4B /* Test+Pawn.swift */ = {isa = PBXFileReference; lastKnownFileType = sourcecode.swift; path = "Test+Pawn.swift"; sourceTree = "<group>"; };
		E12737E32A90C7DC0046AA4B /* Test+ChessBoard.swift */ = {isa = PBXFileReference; lastKnownFileType = sourcecode.swift; path = "Test+ChessBoard.swift"; sourceTree = "<group>"; };
		E14B22FC2A85F3B2003F79DC /* SignUpScreen.swift */ = {isa = PBXFileReference; lastKnownFileType = sourcecode.swift; path = SignUpScreen.swift; sourceTree = "<group>"; };
		E14B23062A862C77003F79DC /* MenuView.swift */ = {isa = PBXFileReference; lastKnownFileType = sourcecode.swift; path = MenuView.swift; sourceTree = "<group>"; wrapsLines = 0; };
		E14B23092A86324F003F79DC /* GlassMorphicCard.swift */ = {isa = PBXFileReference; lastKnownFileType = sourcecode.swift; path = GlassMorphicCard.swift; sourceTree = "<group>"; };
		E15A2CE92A84EC5600688B6E /* DataManager.swift */ = {isa = PBXFileReference; lastKnownFileType = sourcecode.swift; path = DataManager.swift; sourceTree = "<group>"; };
		E17068092A8DEEC40015860F /* TimeInterval.swift */ = {isa = PBXFileReference; lastKnownFileType = sourcecode.swift; path = TimeInterval.swift; sourceTree = "<group>"; };
		E170680B2A8DF2270015860F /* ChessBoardView.swift */ = {isa = PBXFileReference; lastKnownFileType = sourcecode.swift; path = ChessBoardView.swift; sourceTree = "<group>"; };
		E17068112A8E1F500015860F /* GameModel.swift */ = {isa = PBXFileReference; lastKnownFileType = sourcecode.swift; path = GameModel.swift; sourceTree = "<group>"; };
		E17068142A8E20580015860F /* AIBot.swift */ = {isa = PBXFileReference; lastKnownFileType = sourcecode.swift; path = AIBot.swift; sourceTree = "<group>"; };
		E17068162A8E241E0015860F /* AIEngine.swift */ = {isa = PBXFileReference; lastKnownFileType = sourcecode.swift; path = AIEngine.swift; sourceTree = "<group>"; };
		E17068182A8E24610015860F /* AIPlayer.swift */ = {isa = PBXFileReference; lastKnownFileType = sourcecode.swift; path = AIPlayer.swift; sourceTree = "<group>"; };
		E170681B2A8E24A80015860F /* AIMove.swift */ = {isa = PBXFileReference; lastKnownFileType = sourcecode.swift; path = AIMove.swift; sourceTree = "<group>"; };
		E192A29B2A8737F7000139D1 /* OpenSans.ttf */ = {isa = PBXFileReference; lastKnownFileType = file; path = OpenSans.ttf; sourceTree = "<group>"; };
		E192A29C2A8737F8000139D1 /* OpenSans_Italic.ttf */ = {isa = PBXFileReference; lastKnownFileType = file; path = OpenSans_Italic.ttf; sourceTree = "<group>"; };
		E192A2AD2A877759000139D1 /* TabBar.swift */ = {isa = PBXFileReference; lastKnownFileType = sourcecode.swift; path = TabBar.swift; sourceTree = "<group>"; };
		E192A2B02A878F87000139D1 /* ProfileView.swift */ = {isa = PBXFileReference; lastKnownFileType = sourcecode.swift; path = ProfileView.swift; sourceTree = "<group>"; };
		E1C15D3B2A8A207500096FE2 /* How2playScreen.swift */ = {isa = PBXFileReference; lastKnownFileType = sourcecode.swift; path = How2playScreen.swift; sourceTree = "<group>"; };
		E1C15D462A8A5BFE00096FE2 /* Constants.swift */ = {isa = PBXFileReference; lastKnownFileType = sourcecode.swift; path = Constants.swift; sourceTree = "<group>"; };
		E1D782552A8B95D7008B1081 /* ChessPiece.swift */ = {isa = PBXFileReference; lastKnownFileType = sourcecode.swift; path = ChessPiece.swift; sourceTree = "<group>"; };
		E1D782572A8B9B54008B1081 /* Position.swift */ = {isa = PBXFileReference; lastKnownFileType = sourcecode.swift; path = Position.swift; sourceTree = "<group>"; };
		E1D782592A8B9BE6008B1081 /* Move.swift */ = {isa = PBXFileReference; lastKnownFileType = sourcecode.swift; path = Move.swift; sourceTree = "<group>"; };
		E1D7825D2A8B9CFC008B1081 /* ChessBoard.swift */ = {isa = PBXFileReference; lastKnownFileType = sourcecode.swift; path = ChessBoard.swift; sourceTree = "<group>"; };
		E1E3E52C2A92228E00EE365C /* Master-Chess-Info.plist */ = {isa = PBXFileReference; lastKnownFileType = text.plist.xml; path = "Master-Chess-Info.plist"; sourceTree = "<group>"; };
		E1F7FB122A838EE7005B08D8 /* Master Chess.app */ = {isa = PBXFileReference; explicitFileType = wrapper.application; includeInIndex = 0; path = "Master Chess.app"; sourceTree = BUILT_PRODUCTS_DIR; };
		E1F7FB152A838EE7005B08D8 /* Master_ChessApp.swift */ = {isa = PBXFileReference; lastKnownFileType = sourcecode.swift; path = Master_ChessApp.swift; sourceTree = "<group>"; };
		E1F7FB172A838EE7005B08D8 /* ContentView.swift */ = {isa = PBXFileReference; lastKnownFileType = sourcecode.swift; path = ContentView.swift; sourceTree = "<group>"; };
		E1F7FB192A838EE8005B08D8 /* Assets.xcassets */ = {isa = PBXFileReference; lastKnownFileType = folder.assetcatalog; path = Assets.xcassets; sourceTree = "<group>"; };
		E1F7FB1C2A838EE9005B08D8 /* Preview Assets.xcassets */ = {isa = PBXFileReference; lastKnownFileType = folder.assetcatalog; path = "Preview Assets.xcassets"; sourceTree = "<group>"; };
		E1F7FB1E2A838EE9005B08D8 /* Persistence.swift */ = {isa = PBXFileReference; lastKnownFileType = sourcecode.swift; path = Persistence.swift; sourceTree = "<group>"; };
		E1F7FB212A838EE9005B08D8 /* Master_Chess.xcdatamodel */ = {isa = PBXFileReference; lastKnownFileType = wrapper.xcdatamodel; path = Master_Chess.xcdatamodel; sourceTree = "<group>"; };
		E1F7FB302A83900A005B08D8 /* Launch Screen.storyboard */ = {isa = PBXFileReference; fileEncoding = 4; lastKnownFileType = file.storyboard; path = "Launch Screen.storyboard"; sourceTree = "<group>"; };
		E1F7FB322A839011005B08D8 /* SplashView.swift */ = {isa = PBXFileReference; fileEncoding = 4; lastKnownFileType = sourcecode.swift; path = SplashView.swift; sourceTree = "<group>"; };
		E1F7FB3C2A83AA28005B08D8 /* LoginScreen.swift */ = {isa = PBXFileReference; lastKnownFileType = sourcecode.swift; path = LoginScreen.swift; sourceTree = "<group>"; };
		E1F7FB3E2A83AA4E005B08D8 /* WelcomeScreen.swift */ = {isa = PBXFileReference; lastKnownFileType = sourcecode.swift; path = WelcomeScreen.swift; sourceTree = "<group>"; };
		E1F7FB4E2A83C39E005B08D8 /* DataCRUD.swift */ = {isa = PBXFileReference; lastKnownFileType = sourcecode.swift; path = DataCRUD.swift; sourceTree = "<group>"; };
		E1FB627F2A8F2F5E00823651 /* CurrentUser.swift */ = {isa = PBXFileReference; lastKnownFileType = sourcecode.swift; path = CurrentUser.swift; sourceTree = "<group>"; };
		E1FB62822A8F300C00823651 /* Test+LoadEnvData.swift */ = {isa = PBXFileReference; lastKnownFileType = sourcecode.swift; path = "Test+LoadEnvData.swift"; sourceTree = "<group>"; };
		E1FB62862A8F580800823651 /* GameView.swift */ = {isa = PBXFileReference; lastKnownFileType = sourcecode.swift; path = GameView.swift; sourceTree = "<group>"; };
		E1FB62882A8FA19900823651 /* Test+GameModel.swift */ = {isa = PBXFileReference; lastKnownFileType = sourcecode.swift; path = "Test+GameModel.swift"; sourceTree = "<group>"; };
/* End PBXFileReference section */

/* Begin PBXFrameworksBuildPhase section */
		E1F7FB0F2A838EE7005B08D8 /* Frameworks */ = {
			isa = PBXFrameworksBuildPhase;
			buildActionMask = 2147483647;
			files = (
			);
			runOnlyForDeploymentPostprocessing = 0;
		};
/* End PBXFrameworksBuildPhase section */

/* Begin PBXGroup section */
		AB0A54432A96561D0030539D /* SFX */ = {
			isa = PBXGroup;
			children = (
				AB0A54482A9657970030539D /* capture.mp3 */,
				AB0A54452A9657970030539D /* castle.mp3 */,
				AB0A544A2A9657970030539D /* game-end.mp3 */,
				AB0A544C2A9657970030539D /* illegal.mp3 */,
				AB66491B2A9C466E0098F2E2 /* move-opponent.mp3 */,
				AB6A0B222A9E2C61003400DB /* gameLoss.mp3 */,
				AB0A54492A9657970030539D /* move-self.mp3 */,
				AB0A54472A9657970030539D /* notify.mp3 */,
				AB6649212A9C48480098F2E2 /* game-start.mp3 */,
				AB0A54462A9657970030539D /* promote.mp3 */,
				AB6A0B262A9E2C83003400DB /* gameDraw.mp3 */,
				AB6A0B242A9E2C68003400DB /* gameWin.mp3 */,
				AB0A544B2A9657970030539D /* tenseconds.mp3 */,
				AB9011C02A9C6DA800C2D62D /* background.mp3 */,
			);
			path = SFX;
			sourceTree = "<group>";
		};
		AB0A54442A9656320030539D /* ThemeSong */ = {
			isa = PBXGroup;
			children = (
			);
			path = ThemeSong;
			sourceTree = "<group>";
		};
		AB5683132AA3AE4A0094DB9C /* Localization */ = {
			isa = PBXGroup;
			children = (
				AB5683182AA3AEA30094DB9C /* Localizable.strings */,
			);
			path = Localization;
			sourceTree = "<group>";
		};
		AB6A0B1B2A9DEF03003400DB /* Modal */ = {
			isa = PBXGroup;
			children = (
				AB6A0B1C2A9DEF59003400DB /* Modal+BackGround.swift */,
				AB6A0B2D2A9EF679003400DB /* Modal+Promotion.swift */,
				AB6A0B1E2A9DF123003400DB /* ModalView.swift */,
				AB6A0B392A9F90F6003400DB /* Modal+Achievement.swift */,
			);
			path = Modal;
			sourceTree = "<group>";
		};
		AB6A0B282A9E5B5F003400DB /* Animation */ = {
			isa = PBXGroup;
			children = (
				AB6A0B292A9E5B79003400DB /* ConfettiAnimation.swift */,
				AB6A0B2B2A9E6449003400DB /* ImageTilting.swift */,
			);
			path = Animation;
			sourceTree = "<group>";
		};
		AB6A0B312A9F1D9E003400DB /* SettingView */ = {
			isa = PBXGroup;
			children = (
				AB6A0B322A9F1DA8003400DB /* SettingView.swift */,
			);
			path = SettingView;
			sourceTree = "<group>";
		};
		AB6A0B342A9F4654003400DB /* Leaderboard */ = {
			isa = PBXGroup;
			children = (
				AB6A0B352A9F4664003400DB /* LeaderBoard.swift */,
			);
			path = Leaderboard;
			sourceTree = "<group>";
		};
		E14B22FB2A85F397003F79DC /* SignUp Screen */ = {
			isa = PBXGroup;
			children = (
				E14B22FC2A85F3B2003F79DC /* SignUpScreen.swift */,
			);
			path = "SignUp Screen";
			sourceTree = "<group>";
		};
		E14B23052A862C65003F79DC /* MenuView */ = {
			isa = PBXGroup;
			children = (
				E14B23062A862C77003F79DC /* MenuView.swift */,
			);
			path = MenuView;
			sourceTree = "<group>";
		};
		E14B23082A863236003F79DC /* Glassmorphism */ = {
			isa = PBXGroup;
			children = (
				E14B23092A86324F003F79DC /* GlassMorphicCard.swift */,
			);
			path = Glassmorphism;
			sourceTree = "<group>";
		};
		E17068082A8DEEB40015860F /* Extensions */ = {
			isa = PBXGroup;
			children = (
				E17068092A8DEEC40015860F /* TimeInterval.swift */,
			);
			path = Extensions;
			sourceTree = "<group>";
		};
		E17068132A8E1FF70015860F /* AI */ = {
			isa = PBXGroup;
			children = (
				E17068142A8E20580015860F /* AIBot.swift */,
				E17068162A8E241E0015860F /* AIEngine.swift */,
				E17068182A8E24610015860F /* AIPlayer.swift */,
				E170681B2A8E24A80015860F /* AIMove.swift */,
			);
			path = AI;
			sourceTree = "<group>";
		};
		E192A29A2A87377D000139D1 /* Fonts */ = {
			isa = PBXGroup;
			children = (
				E192A29C2A8737F8000139D1 /* OpenSans_Italic.ttf */,
				E192A29B2A8737F7000139D1 /* OpenSans.ttf */,
			);
			path = Fonts;
			sourceTree = "<group>";
		};
		E192A2AC2A877746000139D1 /* Tab bar */ = {
			isa = PBXGroup;
			children = (
				E192A2AD2A877759000139D1 /* TabBar.swift */,
			);
			path = "Tab bar";
			sourceTree = "<group>";
		};
		E192A2AF2A87813A000139D1 /* ProfileView */ = {
			isa = PBXGroup;
			children = (
				E192A2B02A878F87000139D1 /* ProfileView.swift */,
			);
			path = ProfileView;
			sourceTree = "<group>";
		};
		E1C15D3A2A8A205C00096FE2 /* How2Play Screen */ = {
			isa = PBXGroup;
			children = (
				E1C15D3B2A8A207500096FE2 /* How2playScreen.swift */,
			);
			path = "How2Play Screen";
			sourceTree = "<group>";
		};
		E1C15D3D2A8A31DD00096FE2 /* Game View */ = {
			isa = PBXGroup;
			children = (
				E170680B2A8DF2270015860F /* ChessBoardView.swift */,
				E1FB62862A8F580800823651 /* GameView.swift */,
			);
			path = "Game View";
			sourceTree = "<group>";
		};
		E1C15D482A8A5ECF00096FE2 /* Constants */ = {
			isa = PBXGroup;
			children = (
				E1C15D462A8A5BFE00096FE2 /* Constants.swift */,
			);
			path = Constants;
			sourceTree = "<group>";
		};
		E1D782542A8B95C8008B1081 /* Model */ = {
			isa = PBXGroup;
			children = (
				AB6A0B282A9E5B5F003400DB /* Animation */,
				E1FB62852A8F33A100823651 /* Game */,
				E1FB62842A8F339200823651 /* Pieces */,
				E17068132A8E1FF70015860F /* AI */,
			);
			path = Model;
			sourceTree = "<group>";
		};
		E1F7FB092A838EE7005B08D8 = {
			isa = PBXGroup;
			children = (
				E1E3E52C2A92228E00EE365C /* Master-Chess-Info.plist */,
				E1F7FB142A838EE7005B08D8 /* Master Chess */,
				E1F7FB132A838EE7005B08D8 /* Products */,
			);
			sourceTree = "<group>";
		};
		E1F7FB132A838EE7005B08D8 /* Products */ = {
			isa = PBXGroup;
			children = (
				E1F7FB122A838EE7005B08D8 /* Master Chess.app */,
			);
			name = Products;
			sourceTree = "<group>";
		};
		E1F7FB142A838EE7005B08D8 /* Master Chess */ = {
			isa = PBXGroup;
			children = (
				E1F7FB152A838EE7005B08D8 /* Master_ChessApp.swift */,
				E1F7FB2F2A838F5D005B08D8 /* Assets */,
				E1F7FB2A2A838F17005B08D8 /* Components */,
				E1F7FB292A838F00005B08D8 /* Utilities */,
				E1F7FB1B2A838EE9005B08D8 /* Preview Content */,
			);
			path = "Master Chess";
			sourceTree = "<group>";
		};
		E1F7FB1B2A838EE9005B08D8 /* Preview Content */ = {
			isa = PBXGroup;
			children = (
				E1F7FB1C2A838EE9005B08D8 /* Preview Assets.xcassets */,
			);
			path = "Preview Content";
			sourceTree = "<group>";
		};
		E1F7FB282A838EF1005B08D8 /* Database */ = {
			isa = PBXGroup;
			children = (
				E1F7FB202A838EE9005B08D8 /* Master_Chess.xcdatamodeld */,
				E1F7FB1E2A838EE9005B08D8 /* Persistence.swift */,
				E15A2CE92A84EC5600688B6E /* DataManager.swift */,
			);
			path = Database;
			sourceTree = "<group>";
		};
		E1F7FB292A838F00005B08D8 /* Utilities */ = {
			isa = PBXGroup;
			children = (
				AB5683132AA3AE4A0094DB9C /* Localization */,
				E1F7FB4D2A83C380005B08D8 /* CRUD */,
				E1F7FB282A838EF1005B08D8 /* Database */,
				AB66491F2A9C46D20098F2E2 /* SoundPlayer.swift */,
			);
			path = Utilities;
			sourceTree = "<group>";
		};
		E1F7FB2A2A838F17005B08D8 /* Components */ = {
			isa = PBXGroup;
			children = (
				AB6A0B1B2A9DEF03003400DB /* Modal */,
				E1FB62812A8F2FF500823651 /* Test */,
				E17068082A8DEEB40015860F /* Extensions */,
				E1D782542A8B95C8008B1081 /* Model */,
				E1C15D482A8A5ECF00096FE2 /* Constants */,
				E192A2AC2A877746000139D1 /* Tab bar */,
				E14B23082A863236003F79DC /* Glassmorphism */,
				E1F7FB2B2A838F1F005B08D8 /* Screens */,
			);
			path = Components;
			sourceTree = "<group>";
		};
		E1F7FB2B2A838F1F005B08D8 /* Screens */ = {
			isa = PBXGroup;
			children = (
				AB6A0B342A9F4654003400DB /* Leaderboard */,
				AB6A0B312A9F1D9E003400DB /* SettingView */,
				E1C15D3D2A8A31DD00096FE2 /* Game View */,
				E1C15D3A2A8A205C00096FE2 /* How2Play Screen */,
				E192A2AF2A87813A000139D1 /* ProfileView */,
				E14B23052A862C65003F79DC /* MenuView */,
				E14B22FB2A85F397003F79DC /* SignUp Screen */,
				E1F7FB3B2A83AA04005B08D8 /* Login Screen */,
				E1F7FB2E2A838F45005B08D8 /* Content View */,
				E1F7FB2C2A838F2E005B08D8 /* Launch Screen */,
				E1F7FB2D2A838F39005B08D8 /* Welcome Screen */,
			);
			path = Screens;
			sourceTree = "<group>";
		};
		E1F7FB2C2A838F2E005B08D8 /* Launch Screen */ = {
			isa = PBXGroup;
			children = (
				E1F7FB302A83900A005B08D8 /* Launch Screen.storyboard */,
				E1F7FB322A839011005B08D8 /* SplashView.swift */,
			);
			path = "Launch Screen";
			sourceTree = "<group>";
		};
		E1F7FB2D2A838F39005B08D8 /* Welcome Screen */ = {
			isa = PBXGroup;
			children = (
				E1F7FB3E2A83AA4E005B08D8 /* WelcomeScreen.swift */,
			);
			path = "Welcome Screen";
			sourceTree = "<group>";
		};
		E1F7FB2E2A838F45005B08D8 /* Content View */ = {
			isa = PBXGroup;
			children = (
				E1F7FB172A838EE7005B08D8 /* ContentView.swift */,
			);
			path = "Content View";
			sourceTree = "<group>";
		};
		E1F7FB2F2A838F5D005B08D8 /* Assets */ = {
			isa = PBXGroup;
			children = (
				AB0A54442A9656320030539D /* ThemeSong */,
				AB0A54432A96561D0030539D /* SFX */,
				E192A29A2A87377D000139D1 /* Fonts */,
				E1F7FB192A838EE8005B08D8 /* Assets.xcassets */,
			);
			path = Assets;
			sourceTree = "<group>";
		};
		E1F7FB3B2A83AA04005B08D8 /* Login Screen */ = {
			isa = PBXGroup;
			children = (
				E1F7FB3C2A83AA28005B08D8 /* LoginScreen.swift */,
			);
			path = "Login Screen";
			sourceTree = "<group>";
		};
		E1F7FB4D2A83C380005B08D8 /* CRUD */ = {
			isa = PBXGroup;
			children = (
				AB6AF97D2AA1BC0700208B6E /* SavedGame+CoreDataClass.swift */,
				AB6AF97E2AA1BC0700208B6E /* SavedGame+CoreDataProperties.swift */,
				AB6AF9792AA1A55700208B6E /* Movement+CoreDataClass.swift */,
				AB6AF97A2AA1A55700208B6E /* Movement+CoreDataProperties.swift */,
				AB1D820B2AA0BF81000BDD05 /* Achievement+CoreDataClass.swift */,
				AB1D820C2AA0BF81000BDD05 /* Achievement+CoreDataProperties.swift */,
				AB1D82112AA0BF81000BDD05 /* Test+CoreDataClass.swift */,
				AB1D82122AA0BF81000BDD05 /* Test+CoreDataProperties.swift */,
				AB1D82132AA0BF81000BDD05 /* Users+CoreDataClass.swift */,
				AB1D82142AA0BF81000BDD05 /* Users+CoreDataProperties.swift */,
				AB1D82152AA0BF81000BDD05 /* Setting+CoreDataClass.swift */,
				AB1D82162AA0BF81000BDD05 /* Setting+CoreDataProperties.swift */,
				AB1D82172AA0BF81000BDD05 /* GameHistory+CoreDataClass.swift */,
				AB1D82182AA0BF81000BDD05 /* GameHistory+CoreDataProperties.swift */,
				AB1D821B2AA0BF81000BDD05 /* GameStats+CoreDataClass.swift */,
				AB1D821C2AA0BF81000BDD05 /* GameStats+CoreDataProperties.swift */,
				E1F7FB4E2A83C39E005B08D8 /* DataCRUD.swift */,
			);
			path = CRUD;
			sourceTree = "<group>";
		};
		E1FB62812A8F2FF500823651 /* Test */ = {
			isa = PBXGroup;
			children = (
				E1FB62822A8F300C00823651 /* Test+LoadEnvData.swift */,
				E1FB62882A8FA19900823651 /* Test+GameModel.swift */,
				E12737E12A90BF890046AA4B /* Test+Pawn.swift */,
				E12737E32A90C7DC0046AA4B /* Test+ChessBoard.swift */,
				ABA5B1452A9C9CCE0043AB1C /* Test+Slide.swift */,
				AB5D2AE92A9CE0C900ED4996 /* Test+ArrayAnimation.swift */,
				ABF184C32A9C855C00C991EB /* Test+Pulsing.swift */,
				AB5D2AEB2A9CE98500ED4996 /* Test+ChangingBorderColorView.swift */,
				AB1D8C0A2AA093A600826485 /* Test+History.swift */,
				AB5683112AA3A7E60094DB9C /* Test+Music.swift */,
				AB5683192AA3AF110094DB9C /* Test+Localization.swift */,
				AB56831C2AA4B9360094DB9C /* Test+CustomBackButton.swift */,
			);
			path = Test;
			sourceTree = "<group>";
		};
		E1FB62842A8F339200823651 /* Pieces */ = {
			isa = PBXGroup;
			children = (
				E1D782552A8B95D7008B1081 /* ChessPiece.swift */,
				E1D782572A8B9B54008B1081 /* Position.swift */,
				E1D782592A8B9BE6008B1081 /* Move.swift */,
			);
			path = Pieces;
			sourceTree = "<group>";
		};
		E1FB62852A8F33A100823651 /* Game */ = {
			isa = PBXGroup;
			children = (
				E17068112A8E1F500015860F /* GameModel.swift */,
				E1D7825D2A8B9CFC008B1081 /* ChessBoard.swift */,
				E1FB627F2A8F2F5E00823651 /* CurrentUser.swift */,
				AB3253AF2A9C79AD0041BDF6 /* RatingCalculator.swift */,
			);
			path = Game;
			sourceTree = "<group>";
		};
/* End PBXGroup section */

/* Begin PBXNativeTarget section */
		E1F7FB112A838EE7005B08D8 /* Master Chess */ = {
			isa = PBXNativeTarget;
			buildConfigurationList = E1F7FB252A838EE9005B08D8 /* Build configuration list for PBXNativeTarget "Master Chess" */;
			buildPhases = (
				E1F7FB0E2A838EE7005B08D8 /* Sources */,
				E1F7FB0F2A838EE7005B08D8 /* Frameworks */,
				E1F7FB102A838EE7005B08D8 /* Resources */,
			);
			buildRules = (
			);
			dependencies = (
			);
			name = "Master Chess";
			productName = "Master Chess";
			productReference = E1F7FB122A838EE7005B08D8 /* Master Chess.app */;
			productType = "com.apple.product-type.application";
		};
/* End PBXNativeTarget section */

/* Begin PBXProject section */
		E1F7FB0A2A838EE7005B08D8 /* Project object */ = {
			isa = PBXProject;
			attributes = {
				BuildIndependentTargetsInParallel = 1;
				LastSwiftUpdateCheck = 1430;
				LastUpgradeCheck = 1430;
				TargetAttributes = {
					E1F7FB112A838EE7005B08D8 = {
						CreatedOnToolsVersion = 14.3.1;
					};
				};
			};
			buildConfigurationList = E1F7FB0D2A838EE7005B08D8 /* Build configuration list for PBXProject "Master Chess" */;
			compatibilityVersion = "Xcode 14.0";
			developmentRegion = en;
			hasScannedForEncodings = 0;
			knownRegions = (
				en,
				Base,
				vi,
			);
			mainGroup = E1F7FB092A838EE7005B08D8;
			productRefGroup = E1F7FB132A838EE7005B08D8 /* Products */;
			projectDirPath = "";
			projectRoot = "";
			targets = (
				E1F7FB112A838EE7005B08D8 /* Master Chess */,
			);
		};
/* End PBXProject section */

/* Begin PBXResourcesBuildPhase section */
		E1F7FB102A838EE7005B08D8 /* Resources */ = {
			isa = PBXResourcesBuildPhase;
			buildActionMask = 2147483647;
			files = (
				E1F7FB312A83900A005B08D8 /* Launch Screen.storyboard in Resources */,
				AB6649222A9C48480098F2E2 /* game-start.mp3 in Resources */,
				AB0A544F2A9657970030539D /* notify.mp3 in Resources */,
				E1F7FB1D2A838EE9005B08D8 /* Preview Assets.xcassets in Resources */,
				AB6A0B232A9E2C61003400DB /* gameLoss.mp3 in Resources */,
				AB0A54502A9657970030539D /* capture.mp3 in Resources */,
				AB0A544D2A9657970030539D /* castle.mp3 in Resources */,
				AB9011C12A9C6DA800C2D62D /* background.mp3 in Resources */,
				AB5683162AA3AEA30094DB9C /* Localizable.strings in Resources */,
				AB0A54522A9657970030539D /* game-end.mp3 in Resources */,
				AB66491E2A9C466E0098F2E2 /* move-opponent.mp3 in Resources */,
				AB6A0B272A9E2C83003400DB /* gameDraw.mp3 in Resources */,
				AB0A54532A9657970030539D /* tenseconds.mp3 in Resources */,
				AB0A54542A9657970030539D /* illegal.mp3 in Resources */,
				AB6A0B252A9E2C68003400DB /* gameWin.mp3 in Resources */,
				AB0A544E2A9657970030539D /* promote.mp3 in Resources */,
				E192A29D2A87380A000139D1 /* OpenSans_Italic.ttf in Resources */,
				AB0A54512A9657970030539D /* move-self.mp3 in Resources */,
				E1F7FB1A2A838EE8005B08D8 /* Assets.xcassets in Resources */,
				E192A29E2A87380D000139D1 /* OpenSans.ttf in Resources */,
			);
			runOnlyForDeploymentPostprocessing = 0;
		};
/* End PBXResourcesBuildPhase section */

/* Begin PBXSourcesBuildPhase section */
		E1F7FB0E2A838EE7005B08D8 /* Sources */ = {
			isa = PBXSourcesBuildPhase;
			buildActionMask = 2147483647;
			files = (
				E170680A2A8DEEC40015860F /* TimeInterval.swift in Sources */,
				AB6A0B2A2A9E5B79003400DB /* ConfettiAnimation.swift in Sources */,
				AB6A0B2C2A9E6449003400DB /* ImageTilting.swift in Sources */,
				E1F7FB1F2A838EE9005B08D8 /* Persistence.swift in Sources */,
				E1FB62802A8F2F5E00823651 /* CurrentUser.swift in Sources */,
				E1FB62872A8F580800823651 /* GameView.swift in Sources */,
				E1F7FB4F2A83C39E005B08D8 /* DataCRUD.swift in Sources */,
				E1C15D472A8A5BFE00096FE2 /* Constants.swift in Sources */,
				E14B23072A862C77003F79DC /* MenuView.swift in Sources */,
				AB6AF97F2AA1BC0700208B6E /* SavedGame+CoreDataClass.swift in Sources */,
				AB1D82242AA0BF81000BDD05 /* Test+CoreDataProperties.swift in Sources */,
				AB1D821D2AA0BF81000BDD05 /* Achievement+CoreDataClass.swift in Sources */,
				AB6A0B2E2A9EF679003400DB /* Modal+Promotion.swift in Sources */,
				ABF184C42A9C855C00C991EB /* Test+Pulsing.swift in Sources */,
				AB56831D2AA4B9360094DB9C /* Test+CustomBackButton.swift in Sources */,
				E1F7FB182A838EE7005B08D8 /* ContentView.swift in Sources */,
				E1D7825A2A8B9BE6008B1081 /* Move.swift in Sources */,
				AB5683122AA3A7E60094DB9C /* Test+Music.swift in Sources */,
				AB1D82232AA0BF81000BDD05 /* Test+CoreDataClass.swift in Sources */,
				AB5D2AEA2A9CE0C900ED4996 /* Test+ArrayAnimation.swift in Sources */,
				AB6A0B332A9F1DA8003400DB /* SettingView.swift in Sources */,
				E17068122A8E1F500015860F /* GameModel.swift in Sources */,
				E17068172A8E241E0015860F /* AIEngine.swift in Sources */,
				AB56831A2AA3AF110094DB9C /* Test+Localization.swift in Sources */,
				E1F7FB332A839011005B08D8 /* SplashView.swift in Sources */,
				E170680C2A8DF2270015860F /* ChessBoardView.swift in Sources */,
				AB1D821E2AA0BF81000BDD05 /* Achievement+CoreDataProperties.swift in Sources */,
				E1F7FB222A838EE9005B08D8 /* Master_Chess.xcdatamodeld in Sources */,
				AB6AF97C2AA1A55700208B6E /* Movement+CoreDataProperties.swift in Sources */,
				E1FB62832A8F300C00823651 /* Test+LoadEnvData.swift in Sources */,
				E14B230A2A86324F003F79DC /* GlassMorphicCard.swift in Sources */,
				AB1D8C0B2AA093A600826485 /* Test+History.swift in Sources */,
				E12737E22A90BF890046AA4B /* Test+Pawn.swift in Sources */,
				AB1D822A2AA0BF81000BDD05 /* GameHistory+CoreDataProperties.swift in Sources */,
				E192A2B12A878F87000139D1 /* ProfileView.swift in Sources */,
				AB1D82292AA0BF81000BDD05 /* GameHistory+CoreDataClass.swift in Sources */,
				AB6A0B1F2A9DF123003400DB /* ModalView.swift in Sources */,
				E12737E42A90C7DC0046AA4B /* Test+ChessBoard.swift in Sources */,
				E1D782582A8B9B54008B1081 /* Position.swift in Sources */,
				E1F7FB3F2A83AA4E005B08D8 /* WelcomeScreen.swift in Sources */,
				E15A2CEA2A84EC5600688B6E /* DataManager.swift in Sources */,
				AB6AF9802AA1BC0700208B6E /* SavedGame+CoreDataProperties.swift in Sources */,
				AB6AF97B2AA1A55700208B6E /* Movement+CoreDataClass.swift in Sources */,
				E17068152A8E20580015860F /* AIBot.swift in Sources */,
				E14B22FD2A85F3B2003F79DC /* SignUpScreen.swift in Sources */,
				AB1D82272AA0BF81000BDD05 /* Setting+CoreDataClass.swift in Sources */,
				E1D7825E2A8B9CFC008B1081 /* ChessBoard.swift in Sources */,
				AB6A0B1D2A9DEF59003400DB /* Modal+BackGround.swift in Sources */,
				E1D782562A8B95D7008B1081 /* ChessPiece.swift in Sources */,
				AB6A0B3A2A9F90F6003400DB /* Modal+Achievement.swift in Sources */,
				ABA5B1462A9C9CCE0043AB1C /* Test+Slide.swift in Sources */,
				E17068192A8E24610015860F /* AIPlayer.swift in Sources */,
				AB6649202A9C46D20098F2E2 /* SoundPlayer.swift in Sources */,
				AB3253B02A9C79AD0041BDF6 /* RatingCalculator.swift in Sources */,
				E1FB62892A8FA19900823651 /* Test+GameModel.swift in Sources */,
				AB5D2AEC2A9CE98500ED4996 /* Test+ChangingBorderColorView.swift in Sources */,
				E1F7FB3D2A83AA28005B08D8 /* LoginScreen.swift in Sources */,
				AB1D82282AA0BF81000BDD05 /* Setting+CoreDataProperties.swift in Sources */,
				AB1D82252AA0BF81000BDD05 /* Users+CoreDataClass.swift in Sources */,
				AB1D822D2AA0BF81000BDD05 /* GameStats+CoreDataClass.swift in Sources */,
				E1C15D3C2A8A207500096FE2 /* How2playScreen.swift in Sources */,
				E1F7FB162A838EE7005B08D8 /* Master_ChessApp.swift in Sources */,
				E192A2AE2A877759000139D1 /* TabBar.swift in Sources */,
				AB1D82262AA0BF81000BDD05 /* Users+CoreDataProperties.swift in Sources */,
				AB6A0B362A9F4664003400DB /* LeaderBoard.swift in Sources */,
				E170681C2A8E24A80015860F /* AIMove.swift in Sources */,
				AB1D822E2AA0BF81000BDD05 /* GameStats+CoreDataProperties.swift in Sources */,
			);
			runOnlyForDeploymentPostprocessing = 0;
		};
/* End PBXSourcesBuildPhase section */

/* Begin PBXVariantGroup section */
		AB5683182AA3AEA30094DB9C /* Localizable.strings */ = {
			isa = PBXVariantGroup;
			children = (
				AB5683172AA3AEA30094DB9C /* en */,
				AB56831B2AA3B0AE0094DB9C /* vi */,
			);
			name = Localizable.strings;
			sourceTree = "<group>";
		};
/* End PBXVariantGroup section */

/* Begin XCBuildConfiguration section */
		E1F7FB232A838EE9005B08D8 /* Debug */ = {
			isa = XCBuildConfiguration;
			buildSettings = {
				ALWAYS_SEARCH_USER_PATHS = NO;
				CLANG_ANALYZER_LOCALIZABILITY_NONLOCALIZED = YES;
				CLANG_ANALYZER_NONNULL = YES;
				CLANG_ANALYZER_NUMBER_OBJECT_CONVERSION = YES_AGGRESSIVE;
				CLANG_CXX_LANGUAGE_STANDARD = "gnu++20";
				CLANG_ENABLE_MODULES = YES;
				CLANG_ENABLE_OBJC_ARC = YES;
				CLANG_ENABLE_OBJC_WEAK = YES;
				CLANG_WARN_BLOCK_CAPTURE_AUTORELEASING = YES;
				CLANG_WARN_BOOL_CONVERSION = YES;
				CLANG_WARN_COMMA = YES;
				CLANG_WARN_CONSTANT_CONVERSION = YES;
				CLANG_WARN_DEPRECATED_OBJC_IMPLEMENTATIONS = YES;
				CLANG_WARN_DIRECT_OBJC_ISA_USAGE = YES_ERROR;
				CLANG_WARN_DOCUMENTATION_COMMENTS = YES;
				CLANG_WARN_EMPTY_BODY = YES;
				CLANG_WARN_ENUM_CONVERSION = YES;
				CLANG_WARN_INFINITE_RECURSION = YES;
				CLANG_WARN_INT_CONVERSION = YES;
				CLANG_WARN_NON_LITERAL_NULL_CONVERSION = YES;
				CLANG_WARN_OBJC_IMPLICIT_RETAIN_SELF = YES;
				CLANG_WARN_OBJC_LITERAL_CONVERSION = YES;
				CLANG_WARN_OBJC_ROOT_CLASS = YES_ERROR;
				CLANG_WARN_QUOTED_INCLUDE_IN_FRAMEWORK_HEADER = YES;
				CLANG_WARN_RANGE_LOOP_ANALYSIS = YES;
				CLANG_WARN_STRICT_PROTOTYPES = YES;
				CLANG_WARN_SUSPICIOUS_MOVE = YES;
				CLANG_WARN_UNGUARDED_AVAILABILITY = YES_AGGRESSIVE;
				CLANG_WARN_UNREACHABLE_CODE = YES;
				CLANG_WARN__DUPLICATE_METHOD_MATCH = YES;
				COPY_PHASE_STRIP = NO;
				DEBUG_INFORMATION_FORMAT = dwarf;
				ENABLE_STRICT_OBJC_MSGSEND = YES;
				ENABLE_TESTABILITY = YES;
				GCC_C_LANGUAGE_STANDARD = gnu11;
				GCC_DYNAMIC_NO_PIC = NO;
				GCC_NO_COMMON_BLOCKS = YES;
				GCC_OPTIMIZATION_LEVEL = 0;
				GCC_PREPROCESSOR_DEFINITIONS = (
					"DEBUG=1",
					"$(inherited)",
				);
				GCC_WARN_64_TO_32_BIT_CONVERSION = YES;
				GCC_WARN_ABOUT_RETURN_TYPE = YES_ERROR;
				GCC_WARN_UNDECLARED_SELECTOR = YES;
				GCC_WARN_UNINITIALIZED_AUTOS = YES_AGGRESSIVE;
				GCC_WARN_UNUSED_FUNCTION = YES;
				GCC_WARN_UNUSED_VARIABLE = YES;
				IPHONEOS_DEPLOYMENT_TARGET = 16.4;
				MTL_ENABLE_DEBUG_INFO = INCLUDE_SOURCE;
				MTL_FAST_MATH = YES;
				ONLY_ACTIVE_ARCH = YES;
				SDKROOT = iphoneos;
				SWIFT_ACTIVE_COMPILATION_CONDITIONS = DEBUG;
				SWIFT_OPTIMIZATION_LEVEL = "-Onone";
			};
			name = Debug;
		};
		E1F7FB242A838EE9005B08D8 /* Release */ = {
			isa = XCBuildConfiguration;
			buildSettings = {
				ALWAYS_SEARCH_USER_PATHS = NO;
				CLANG_ANALYZER_LOCALIZABILITY_NONLOCALIZED = YES;
				CLANG_ANALYZER_NONNULL = YES;
				CLANG_ANALYZER_NUMBER_OBJECT_CONVERSION = YES_AGGRESSIVE;
				CLANG_CXX_LANGUAGE_STANDARD = "gnu++20";
				CLANG_ENABLE_MODULES = YES;
				CLANG_ENABLE_OBJC_ARC = YES;
				CLANG_ENABLE_OBJC_WEAK = YES;
				CLANG_WARN_BLOCK_CAPTURE_AUTORELEASING = YES;
				CLANG_WARN_BOOL_CONVERSION = YES;
				CLANG_WARN_COMMA = YES;
				CLANG_WARN_CONSTANT_CONVERSION = YES;
				CLANG_WARN_DEPRECATED_OBJC_IMPLEMENTATIONS = YES;
				CLANG_WARN_DIRECT_OBJC_ISA_USAGE = YES_ERROR;
				CLANG_WARN_DOCUMENTATION_COMMENTS = YES;
				CLANG_WARN_EMPTY_BODY = YES;
				CLANG_WARN_ENUM_CONVERSION = YES;
				CLANG_WARN_INFINITE_RECURSION = YES;
				CLANG_WARN_INT_CONVERSION = YES;
				CLANG_WARN_NON_LITERAL_NULL_CONVERSION = YES;
				CLANG_WARN_OBJC_IMPLICIT_RETAIN_SELF = YES;
				CLANG_WARN_OBJC_LITERAL_CONVERSION = YES;
				CLANG_WARN_OBJC_ROOT_CLASS = YES_ERROR;
				CLANG_WARN_QUOTED_INCLUDE_IN_FRAMEWORK_HEADER = YES;
				CLANG_WARN_RANGE_LOOP_ANALYSIS = YES;
				CLANG_WARN_STRICT_PROTOTYPES = YES;
				CLANG_WARN_SUSPICIOUS_MOVE = YES;
				CLANG_WARN_UNGUARDED_AVAILABILITY = YES_AGGRESSIVE;
				CLANG_WARN_UNREACHABLE_CODE = YES;
				CLANG_WARN__DUPLICATE_METHOD_MATCH = YES;
				COPY_PHASE_STRIP = NO;
				DEBUG_INFORMATION_FORMAT = "dwarf-with-dsym";
				ENABLE_NS_ASSERTIONS = NO;
				ENABLE_STRICT_OBJC_MSGSEND = YES;
				GCC_C_LANGUAGE_STANDARD = gnu11;
				GCC_NO_COMMON_BLOCKS = YES;
				GCC_WARN_64_TO_32_BIT_CONVERSION = YES;
				GCC_WARN_ABOUT_RETURN_TYPE = YES_ERROR;
				GCC_WARN_UNDECLARED_SELECTOR = YES;
				GCC_WARN_UNINITIALIZED_AUTOS = YES_AGGRESSIVE;
				GCC_WARN_UNUSED_FUNCTION = YES;
				GCC_WARN_UNUSED_VARIABLE = YES;
				IPHONEOS_DEPLOYMENT_TARGET = 16.4;
				MTL_ENABLE_DEBUG_INFO = NO;
				MTL_FAST_MATH = YES;
				SDKROOT = iphoneos;
				SWIFT_COMPILATION_MODE = wholemodule;
				SWIFT_OPTIMIZATION_LEVEL = "-O";
				VALIDATE_PRODUCT = YES;
			};
			name = Release;
		};
		E1F7FB262A838EE9005B08D8 /* Debug */ = {
			isa = XCBuildConfiguration;
			buildSettings = {
				ASSETCATALOG_COMPILER_APPICON_NAME = AppIcon;
				ASSETCATALOG_COMPILER_GLOBAL_ACCENT_COLOR_NAME = AccentColor;
				CODE_SIGN_STYLE = Automatic;
				CURRENT_PROJECT_VERSION = 1;
				DEVELOPMENT_ASSET_PATHS = "\"Master Chess/Preview Content\"";
				ENABLE_PREVIEWS = YES;
				GENERATE_INFOPLIST_FILE = YES;
				INFOPLIST_FILE = "Master-Chess-Info.plist";
				INFOPLIST_KEY_UIApplicationSceneManifest_Generation = YES;
				INFOPLIST_KEY_UIApplicationSupportsIndirectInputEvents = YES;
				INFOPLIST_KEY_UILaunchScreen_Generation = YES;
				INFOPLIST_KEY_UILaunchStoryboardName = "Launch Screen.storyboard";
				INFOPLIST_KEY_UIStatusBarStyle = "";
				INFOPLIST_KEY_UISupportedInterfaceOrientations_iPad = "UIInterfaceOrientationPortrait UIInterfaceOrientationPortraitUpsideDown UIInterfaceOrientationLandscapeLeft UIInterfaceOrientationLandscapeRight";
				INFOPLIST_KEY_UISupportedInterfaceOrientations_iPhone = "UIInterfaceOrientationPortrait UIInterfaceOrientationLandscapeLeft UIInterfaceOrientationLandscapeRight";
				LD_RUNPATH_SEARCH_PATHS = (
					"$(inherited)",
					"@executable_path/Frameworks",
				);
				MARKETING_VERSION = 1.0;
				PRODUCT_BUNDLE_IDENTIFIER = "mudoker.app.Master-Chess";
				PRODUCT_NAME = "$(TARGET_NAME)";
				SWIFT_EMIT_LOC_STRINGS = YES;
				SWIFT_VERSION = 5.0;
				TARGETED_DEVICE_FAMILY = "1,2";
			};
			name = Debug;
		};
		E1F7FB272A838EE9005B08D8 /* Release */ = {
			isa = XCBuildConfiguration;
			buildSettings = {
				ASSETCATALOG_COMPILER_APPICON_NAME = AppIcon;
				ASSETCATALOG_COMPILER_GLOBAL_ACCENT_COLOR_NAME = AccentColor;
				CODE_SIGN_STYLE = Automatic;
				CURRENT_PROJECT_VERSION = 1;
				DEVELOPMENT_ASSET_PATHS = "\"Master Chess/Preview Content\"";
				ENABLE_PREVIEWS = YES;
				GENERATE_INFOPLIST_FILE = YES;
				INFOPLIST_FILE = "Master-Chess-Info.plist";
				INFOPLIST_KEY_UIApplicationSceneManifest_Generation = YES;
				INFOPLIST_KEY_UIApplicationSupportsIndirectInputEvents = YES;
				INFOPLIST_KEY_UILaunchScreen_Generation = YES;
				INFOPLIST_KEY_UILaunchStoryboardName = "Launch Screen.storyboard";
				INFOPLIST_KEY_UIStatusBarStyle = "";
				INFOPLIST_KEY_UISupportedInterfaceOrientations_iPad = "UIInterfaceOrientationPortrait UIInterfaceOrientationPortraitUpsideDown UIInterfaceOrientationLandscapeLeft UIInterfaceOrientationLandscapeRight";
				INFOPLIST_KEY_UISupportedInterfaceOrientations_iPhone = "UIInterfaceOrientationPortrait UIInterfaceOrientationLandscapeLeft UIInterfaceOrientationLandscapeRight";
				LD_RUNPATH_SEARCH_PATHS = (
					"$(inherited)",
					"@executable_path/Frameworks",
				);
				MARKETING_VERSION = 1.0;
				PRODUCT_BUNDLE_IDENTIFIER = "mudoker.app.Master-Chess";
				PRODUCT_NAME = "$(TARGET_NAME)";
				SWIFT_EMIT_LOC_STRINGS = YES;
				SWIFT_VERSION = 5.0;
				TARGETED_DEVICE_FAMILY = "1,2";
			};
			name = Release;
		};
/* End XCBuildConfiguration section */

/* Begin XCConfigurationList section */
		E1F7FB0D2A838EE7005B08D8 /* Build configuration list for PBXProject "Master Chess" */ = {
			isa = XCConfigurationList;
			buildConfigurations = (
				E1F7FB232A838EE9005B08D8 /* Debug */,
				E1F7FB242A838EE9005B08D8 /* Release */,
			);
			defaultConfigurationIsVisible = 0;
			defaultConfigurationName = Release;
		};
		E1F7FB252A838EE9005B08D8 /* Build configuration list for PBXNativeTarget "Master Chess" */ = {
			isa = XCConfigurationList;
			buildConfigurations = (
				E1F7FB262A838EE9005B08D8 /* Debug */,
				E1F7FB272A838EE9005B08D8 /* Release */,
			);
			defaultConfigurationIsVisible = 0;
			defaultConfigurationName = Release;
		};
/* End XCConfigurationList section */

/* Begin XCVersionGroup section */
		E1F7FB202A838EE9005B08D8 /* Master_Chess.xcdatamodeld */ = {
			isa = XCVersionGroup;
			children = (
				E1F7FB212A838EE9005B08D8 /* Master_Chess.xcdatamodel */,
			);
			currentVersion = E1F7FB212A838EE9005B08D8 /* Master_Chess.xcdatamodel */;
			path = Master_Chess.xcdatamodeld;
			sourceTree = "<group>";
			versionGroupType = wrapper.xcdatamodel;
		};
/* End XCVersionGroup section */
	};
	rootObject = E1F7FB0A2A838EE7005B08D8 /* Project object */;
}
